// !$*UTF8*$!
{
	archiveVersion = 1;
	classes = {
	};
	objectVersion = 46;
	objects = {

/* Begin PBXBuildFile section */
		BE41F0D319408771003066E5 /* TodayRemoteEnhancer.m in Sources */ = {isa = PBXBuildFile; fileRef = BE41F0D219408771003066E5 /* TodayRemoteEnhancer.m */; };
/* End PBXBuildFile section */

/* Begin PBXFileReference section */
		BE41F0C819408737003066E5 /* TodayRemoteEnhancer.bundle */ = {isa = PBXFileReference; explicitFileType = wrapper.cfbundle; includeInIndex = 0; path = TodayRemoteEnhancer.bundle; sourceTree = BUILT_PRODUCTS_DIR; };
		BE41F0CC19408737003066E5 /* Info.plist */ = {isa = PBXFileReference; lastKnownFileType = text.plist.xml; path = Info.plist; sourceTree = "<group>"; };
		BE41F0D219408771003066E5 /* TodayRemoteEnhancer.m */ = {isa = PBXFileReference; fileEncoding = 4; lastKnownFileType = sourcecode.c.objc; path = TodayRemoteEnhancer.m; sourceTree = "<group>"; };
/* End PBXFileReference section */

/* Begin PBXFrameworksBuildPhase section */
		BE41F0C519408737003066E5 /* Frameworks */ = {
			isa = PBXFrameworksBuildPhase;
			buildActionMask = 2147483647;
			files = (
			);
			runOnlyForDeploymentPostprocessing = 0;
		};
/* End PBXFrameworksBuildPhase section */

/* Begin PBXGroup section */
		BE41F0BF19408737003066E5 = {
			isa = PBXGroup;
			children = (
				BE41F0CA19408737003066E5 /* TodayRemoteEnhancer */,
				BE41F0C919408737003066E5 /* Products */,
			);
			sourceTree = "<group>";
		};
		BE41F0C919408737003066E5 /* Products */ = {
			isa = PBXGroup;
			children = (
				BE41F0C819408737003066E5 /* TodayRemoteEnhancer.bundle */,
			);
			name = Products;
			sourceTree = "<group>";
		};
		BE41F0CA19408737003066E5 /* TodayRemoteEnhancer */ = {
			isa = PBXGroup;
			children = (
				BE41F0CB19408737003066E5 /* Supporting Files */,
				BE41F0D219408771003066E5 /* TodayRemoteEnhancer.m */,
			);
			path = TodayRemoteEnhancer;
			sourceTree = "<group>";
		};
		BE41F0CB19408737003066E5 /* Supporting Files */ = {
			isa = PBXGroup;
			children = (
				BE41F0CC19408737003066E5 /* Info.plist */,
			);
			name = "Supporting Files";
			sourceTree = "<group>";
		};
/* End PBXGroup section */

/* Begin PBXNativeTarget section */
		BE41F0C719408737003066E5 /* TodayRemoteEnhancer */ = {
			isa = PBXNativeTarget;
			buildConfigurationList = BE41F0CF19408737003066E5 /* Build configuration list for PBXNativeTarget "TodayRemoteEnhancer" */;
			buildPhases = (
				BE41F0C419408737003066E5 /* Sources */,
				BE41F0C519408737003066E5 /* Frameworks */,
				BE41F0C619408737003066E5 /* Resources */,
			);
			buildRules = (
			);
			dependencies = (
			);
			name = TodayRemoteEnhancer;
			productName = TodayRemoteEnhancer;
			productReference = BE41F0C819408737003066E5 /* TodayRemoteEnhancer.bundle */;
			productType = "com.apple.product-type.bundle";
		};
/* End PBXNativeTarget section */

/* Begin PBXProject section */
		BE41F0C019408737003066E5 /* Project object */ = {
			isa = PBXProject;
			attributes = {
				LastUpgradeCheck = 0620;
				ORGANIZATIONNAME = kinda;
				TargetAttributes = {
					BE41F0C719408737003066E5 = {
						CreatedOnToolsVersion = 6.0;
					};
				};
			};
			buildConfigurationList = BE41F0C319408737003066E5 /* Build configuration list for PBXProject "TodayRemoteEnhancer" */;
			compatibilityVersion = "Xcode 3.2";
			developmentRegion = English;
			hasScannedForEncodings = 0;
			knownRegions = (
				en,
			);
			mainGroup = BE41F0BF19408737003066E5;
			productRefGroup = BE41F0C919408737003066E5 /* Products */;
			projectDirPath = "";
			projectRoot = "";
			targets = (
				BE41F0C719408737003066E5 /* TodayRemoteEnhancer */,
			);
		};
/* End PBXProject section */

/* Begin PBXResourcesBuildPhase section */
		BE41F0C619408737003066E5 /* Resources */ = {
			isa = PBXResourcesBuildPhase;
			buildActionMask = 2147483647;
			files = (
			);
			runOnlyForDeploymentPostprocessing = 0;
		};
/* End PBXResourcesBuildPhase section */

/* Begin PBXSourcesBuildPhase section */
		BE41F0C419408737003066E5 /* Sources */ = {
			isa = PBXSourcesBuildPhase;
			buildActionMask = 2147483647;
			files = (
				BE41F0D319408771003066E5 /* TodayRemoteEnhancer.m in Sources */,
			);
			runOnlyForDeploymentPostprocessing = 0;
		};
/* End PBXSourcesBuildPhase section */

/* Begin XCBuildConfiguration section */
		BE41F0CD19408737003066E5 /* Debug */ = {
			isa = XCBuildConfiguration;
			buildSettings = {
				ALWAYS_SEARCH_USER_PATHS = NO;
				CLANG_CXX_LANGUAGE_STANDARD = "gnu++0x";
				CLANG_CXX_LIBRARY = "libc++";
				CLANG_ENABLE_MODULES = YES;
				CLANG_ENABLE_OBJC_ARC = NO;
				CLANG_WARN_BOOL_CONVERSION = YES;
				CLANG_WARN_CONSTANT_CONVERSION = YES;
				CLANG_WARN_DIRECT_OBJC_ISA_USAGE = YES_ERROR;
				CLANG_WARN_EMPTY_BODY = YES;
				CLANG_WARN_ENUM_CONVERSION = YES;
				CLANG_WARN_INT_CONVERSION = YES;
				CLANG_WARN_OBJC_ROOT_CLASS = YES_ERROR;
				CLANG_WARN_UNREACHABLE_CODE = YES;
				CLANG_WARN__DUPLICATE_METHOD_MATCH = YES;
				COPY_PHASE_STRIP = NO;
				ENABLE_STRICT_OBJC_MSGSEND = YES;
				GCC_C_LANGUAGE_STANDARD = gnu99;
				GCC_DYNAMIC_NO_PIC = NO;
				GCC_OPTIMIZATION_LEVEL = 0;
				GCC_PREPROCESSOR_DEFINITIONS = (
					"DEBUG=1",
					"$(inherited)",
				);
				GCC_SYMBOLS_PRIVATE_EXTERN = NO;
				GCC_WARN_64_TO_32_BIT_CONVERSION = YES;
				GCC_WARN_ABOUT_RETURN_TYPE = YES_ERROR;
				GCC_WARN_UNDECLARED_SELECTOR = YES;
				GCC_WARN_UNINITIALIZED_AUTOS = YES_AGGRESSIVE;
				GCC_WARN_UNUSED_FUNCTION = YES;
				GCC_WARN_UNUSED_VARIABLE = YES;
				MACOSX_DEPLOYMENT_TARGET = 10.10;
				METAL_ENABLE_DEBUG_INFO = YES;
				ONLY_ACTIVE_ARCH = YES;
				SDKROOT = macosx;
			};
			name = Debug;
		};
		BE41F0CE19408737003066E5 /* Release */ = {
			isa = XCBuildConfiguration;
			buildSettings = {
				ALWAYS_SEARCH_USER_PATHS = NO;
				CLANG_CXX_LANGUAGE_STANDARD = "gnu++0x";
				CLANG_CXX_LIBRARY = "libc++";
				CLANG_ENABLE_MODULES = YES;
				CLANG_ENABLE_OBJC_ARC = NO;
				CLANG_WARN_BOOL_CONVERSION = YES;
				CLANG_WARN_CONSTANT_CONVERSION = YES;
				CLANG_WARN_DIRECT_OBJC_ISA_USAGE = YES_ERROR;
				CLANG_WARN_EMPTY_BODY = YES;
				CLANG_WARN_ENUM_CONVERSION = YES;
				CLANG_WARN_INT_CONVERSION = YES;
				CLANG_WARN_OBJC_ROOT_CLASS = YES_ERROR;
				CLANG_WARN_UNREACHABLE_CODE = YES;
				CLANG_WARN__DUPLICATE_METHOD_MATCH = YES;
				COPY_PHASE_STRIP = YES;
				DEBUG_INFORMATION_FORMAT = "dwarf-with-dsym";
				ENABLE_NS_ASSERTIONS = NO;
				ENABLE_STRICT_OBJC_MSGSEND = YES;
				GCC_C_LANGUAGE_STANDARD = gnu99;
				GCC_WARN_64_TO_32_BIT_CONVERSION = YES;
				GCC_WARN_ABOUT_RETURN_TYPE = YES_ERROR;
				GCC_WARN_UNDECLARED_SELECTOR = YES;
				GCC_WARN_UNINITIALIZED_AUTOS = YES_AGGRESSIVE;
				GCC_WARN_UNUSED_FUNCTION = YES;
				GCC_WARN_UNUSED_VARIABLE = YES;
				MACOSX_DEPLOYMENT_TARGET = 10.10;
				METAL_ENABLE_DEBUG_INFO = NO;
				SDKROOT = macosx;
			};
			name = Release;
		};
		BE41F0D019408737003066E5 /* Debug */ = {
			isa = XCBuildConfiguration;
			buildSettings = {
				COMBINE_HIDPI_IMAGES = YES;
				INFOPLIST_FILE = TodayRemoteEnhancer/Info.plist;
				INSTALL_PATH = "$(LOCAL_LIBRARY_DIR)/Bundles";
				PRODUCT_NAME = TodayRemoteEnhancer;
				SKIP_INSTALL = YES;
				WRAPPER_EXTENSION = bundle;
			};
			name = Debug;
		};
		BE41F0D119408737003066E5 /* Release */ = {
			isa = XCBuildConfiguration;
			buildSettings = {
				COMBINE_HIDPI_IMAGES = YES;
				INFOPLIST_FILE = TodayRemoteEnhancer/Info.plist;
				INSTALL_PATH = "$(LOCAL_LIBRARY_DIR)/Bundles";
				PRODUCT_NAME = TodayRemoteEnhancer;
				SKIP_INSTALL = YES;
				WRAPPER_EXTENSION = bundle;
			};
			name = Release;
		};
/* End XCBuildConfiguration section */

/* Begin XCConfigurationList section */
		BE41F0C319408737003066E5 /* Build configuration list for PBXProject "TodayRemoteEnhancer" */ = {
			isa = XCConfigurationList;
			buildConfigurations = (
				BE41F0CD19408737003066E5 /* Debug */,
				BE41F0CE19408737003066E5 /* Release */,
			);
			defaultConfigurationIsVisible = 0;
			defaultConfigurationName = Release;
		};
		BE41F0CF19408737003066E5 /* Build configuration list for PBXNativeTarget "TodayRemoteEnhancer" */ = {
			isa = XCConfigurationList;
			buildConfigurations = (
				BE41F0D019408737003066E5 /* Debug */,
				BE41F0D119408737003066E5 /* Release */,
			);
			defaultConfigurationIsVisible = 0;
			defaultConfigurationName = Release;
		};
/* End XCConfigurationList section */
	};
	rootObject = BE41F0C019408737003066E5 /* Project object */;
}
